Microsoft Visual Studio Solution File, Format Version 12.00
# Visual Studio Version 17
VisualStudioVersion = 17.5.2.0
MinimumVisualStudioVersion = 10.0.40219.1
Project("{FAE04EC0-301F-11D3-BF4B-00C04F79EFBC}") = "StarTrackerGithub", "StarTrackerGithub.csproj", "{94B0B8EB-E0C4-0543-5D38-E31D299BFFFC}"
EndProject
Global
	GlobalSection(SolutionConfigurationPlatforms) = preSolution
		Debug|Any CPU = Debug|Any CPU
		Release|Any CPU = Release|Any CPU
	EndGlobalSection
	GlobalSection(ProjectConfigurationPlatforms) = postSolution
		{94B0B8EB-E0C4-0543-5D38-E31D299BFFFC}.Debug|Any CPU.ActiveCfg = Debug|Any CPU
		{94B0B8EB-E0C4-0543-5D38-E31D299BFFFC}.Debug|Any CPU.Build.0 = Debug|Any CPU
		{94B0B8EB-E0C4-0543-5D38-E31D299BFFFC}.Release|Any CPU.ActiveCfg = Release|Any CPU
		{94B0B8EB-E0C4-0543-5D38-E31D299BFFFC}.Release|Any CPU.Build.0 = Release|Any CPU
	EndGlobalSection
	GlobalSection(SolutionProperties) = preSolution
		HideSolutionNode = FALSE
	EndGlobalSection
	GlobalSection(ExtensibilityGlobals) = postSolution
		SolutionGuid = {F264E320-424C-4219-84BE-7E6B58D219F7}
	EndGlobalSection
EndGlobal
